{
  "version": 4,
  "terraform_version": "0.12.23",
  "serial": 24,
  "lineage": "2139e0a5-b0b9-c669-c172-6924fb1f6cae",
  "outputs": {},
  "resources": [
    {
      "mode": "managed",
      "type": "scaleway_instance_ip",
      "name": "ip",
      "provider": "provider.scaleway",
      "instances": [
        {
          "schema_version": 0,
          "attributes": {
            "address": "51.15.49.225",
            "id": "nl-ams-1/db6c023e-d3e2-45b5-9855-cadf42b7e22b",
            "organization_id": "5581b7de-1ae8-4785-a8b9-8319ea868cd7",
            "reverse": "",
            "server_id": null,
            "zone": "nl-ams-1"
          },
          "private": "bnVsbA=="
        }
      ]
    },
    {
      "mode": "managed",
      "type": "scaleway_instance_security_group",
      "name": "sg",
      "provider": "provider.scaleway",
      "instances": [
        {
          "schema_version": 0,
          "attributes": {
            "description": "Default SG for the server",
            "external_rules": null,
            "id": "fr-par-1/3c8930aa-fe86-419a-ac27-531d993f683e",
            "inbound_default_policy": "drop",
            "inbound_rule": [
              {
                "action": "accept",
                "ip": "",
                "ip_range": "",
                "port": 22,
                "port_range": "",
                "protocol": "TCP"
              },
              {
                "action": "accept",
                "ip": "",
                "ip_range": "",
                "port": 80,
                "port_range": "",
                "protocol": "TCP"
              },
              {
                "action": "accept",
                "ip": "",
                "ip_range": "",
                "port": 443,
                "port_range": "",
                "protocol": "TCP"
              },
              {
                "action": "accept",
                "ip": "",
                "ip_range": "",
                "port": 0,
                "port_range": "",
                "protocol": "ICMP"
              }
            ],
            "name": "patada-sg",
            "organization_id": "5581b7de-1ae8-4785-a8b9-8319ea868cd7",
            "outbound_default_policy": "accept",
            "outbound_rule": [],
            "zone": "fr-par-1"
          },
          "private": "bnVsbA=="
        }
      ]
    },
    {
      "mode": "managed",
      "type": "scaleway_instance_server",
      "name": "patada",
      "provider": "provider.scaleway",
      "instances": [
        {
          "schema_version": 0,
          "attributes": {
            "additional_volume_ids": null,
            "boot_type": "local",
            "cloud_init": null,
            "disable_dynamic_ip": false,
            "disable_public_ip": false,
            "enable_dynamic_ip": false,
            "enable_ipv6": true,
            "id": "nl-ams-1/0f893167-3389-4a67-9bc1-f9843331d7f3",
            "image": "54b1ac86-7e6e-4a78-a7dc-5a4ee64aa386",
            "ip_id": "nl-ams-1/db6c023e-d3e2-45b5-9855-cadf42b7e22b",
            "ipv6_address": "2001:bc8:1824:1152::1",
            "ipv6_gateway": "2001:bc8:1824:1152::",
            "ipv6_prefix_length": 64,
            "name": "monokuma.pt",
            "organization_id": null,
            "placement_group_id": null,
            "placement_group_policy_respected": null,
            "private_ip": "10.18.114.165",
            "public_ip": "51.15.49.225",
            "root_volume": [
              {
                "delete_on_termination": true,
                "size_in_gb": 20,
                "volume_id": "80693ee1-5cb8-427b-be84-97d8c2d1e07e"
              }
            ],
            "security_group_id": "8b5f6973-8a90-4759-8e08-864928a11ed9",
            "state": "started",
            "tags": [
              "monokuma.pt"
            ],
            "type": "DEV1-S",
            "user_data": [],
            "zone": "nl-ams-1"
          },
          "private": "bnVsbA==",
          "dependencies": [
            "scaleway_instance_ip.ip"
          ]
        }
      ]
    }
  ]
}
