{
  "version": 4,
  "terraform_version": "0.12.23",
  "serial": 17,
  "lineage": "2139e0a5-b0b9-c669-c172-6924fb1f6cae",
  "outputs": {},
  "resources": [
    {
      "mode": "managed",
      "type": "scaleway_instance_ip",
      "name": "ip",
      "provider": "provider.scaleway",
      "instances": [
        {
          "schema_version": 0,
          "attributes": {
            "address": "51.15.202.167",
            "id": "fr-par-1/b0113285-97cd-485e-8732-b83cd8065200",
            "organization_id": "5581b7de-1ae8-4785-a8b9-8319ea868cd7",
            "reverse": "",
            "server_id": null,
            "zone": "fr-par-1"
          },
          "private": "bnVsbA=="
        }
      ]
    },
    {
      "mode": "managed",
      "type": "scaleway_instance_security_group",
      "name": "sg",
      "provider": "provider.scaleway",
      "instances": [
        {
          "schema_version": 0,
          "attributes": {
            "description": "Default SG for the server",
            "external_rules": null,
            "id": "fr-par-1/3c8930aa-fe86-419a-ac27-531d993f683e",
            "inbound_default_policy": "drop",
            "inbound_rule": [
              {
                "action": "accept",
                "ip": "",
                "ip_range": "",
                "port": 22,
                "port_range": "",
                "protocol": "TCP"
              },
              {
                "action": "accept",
                "ip": "",
                "ip_range": "",
                "port": 80,
                "port_range": "",
                "protocol": "TCP"
              },
              {
                "action": "accept",
                "ip": "",
                "ip_range": "",
                "port": 443,
                "port_range": "",
                "protocol": "TCP"
              },
              {
                "action": "accept",
                "ip": "",
                "ip_range": "",
                "port": 0,
                "port_range": "",
                "protocol": "ICMP"
              }
            ],
            "name": "patada-sg",
            "organization_id": "5581b7de-1ae8-4785-a8b9-8319ea868cd7",
            "outbound_default_policy": "accept",
            "outbound_rule": [],
            "zone": "fr-par-1"
          },
          "private": "bnVsbA=="
        }
      ]
    }
  ]
}
